<?xml version="1.0" encoding="utf-8"?>
<Project ToolsVersion="4.0" xmlns="http://schemas.microsoft.com/developer/msbuild/2003">
  <ItemGroup>
    <Filter Include="Source Files">
      <UniqueIdentifier>{4FC737F1-C7A5-4376-A066-2A32D752A2FF}</UniqueIdentifier>
      <Extensions>cpp;c;cc;cxx;def;odl;idl;hpj;bat;asm;asmx</Extensions>
    </Filter>
    <Filter Include="Header Files">
      <UniqueIdentifier>{93995380-89BD-4b04-88EB-625FBE52EBFB}</UniqueIdentifier>
      <Extensions>h;hh;hpp;hxx;hm;inl;inc;xsd</Extensions>
    </Filter>
    <Filter Include="Resource Files">
      <UniqueIdentifier>{67DA6AB6-F800-4c08-8B7A-83BB121AAD01}</UniqueIdentifier>
      <Extensions>rc;ico;cur;bmp;dlg;rc2;rct;bin;rgs;gif;jpg;jpeg;jpe;resx;tiff;tif;png;wav;mfcribbon-ms</Extensions>
    </Filter>
  </ItemGroup>
  <ItemGroup>
    <ClCompile Include="git\src\archive.cpp">
      <Filter>Source Files</Filter>
    </ClCompile>
    <ClCompile Include="git\src\fatarchive.cpp">
      <Filter>Source Files</Filter>
    </ClCompile>
    <ClCompile Include="git\src\filter-bash.cpp">
      <Filter>Source Files</Filter>
    </ClCompile>
    <ClCompile Include="git\src\filter-bash-rle.cpp">
      <Filter>Source Files</Filter>
    </ClCompile>
    <ClCompile Include="git\src\filter-bitswap.cpp">
      <Filter>Source Files</Filter>
    </ClCompile>
    <ClCompile Include="git\src\filter-ddave-rle.cpp">
      <Filter>Source Files</Filter>
    </ClCompile>
    <ClCompile Include="git\src\filter-epfs.cpp">
      <Filter>Source Files</Filter>
    </ClCompile>
    <ClCompile Include="git\src\filter-glb-raptor.cpp">
      <Filter>Source Files</Filter>
    </ClCompile>
    <ClCompile Include="git\src\filter-got-lzss.cpp">
      <Filter>Source Files</Filter>
    </ClCompile>
    <ClCompile Include="git\src\filter-skyroads.cpp">
      <Filter>Source Files</Filter>
    </ClCompile>
    <ClCompile Include="git\src\filter-stargunner.cpp">
      <Filter>Source Files</Filter>
    </ClCompile>
    <ClCompile Include="git\src\filter-stellar7.cpp">
      <Filter>Source Files</Filter>
    </ClCompile>
    <ClCompile Include="git\src\filter-xor.cpp">
      <Filter>Source Files</Filter>
    </ClCompile>
    <ClCompile Include="git\src\filter-xor-blood.cpp">
      <Filter>Source Files</Filter>
    </ClCompile>
    <ClCompile Include="git\src\filter-xor-sagent.cpp">
      <Filter>Source Files</Filter>
    </ClCompile>
    <ClCompile Include="git\src\filter-zone66.cpp">
      <Filter>Source Files</Filter>
    </ClCompile>
    <ClCompile Include="git\src\fixedarchive.cpp">
      <Filter>Source Files</Filter>
    </ClCompile>
    <ClCompile Include="git\src\fmt-bnk-harry.cpp">
      <Filter>Source Files</Filter>
    </ClCompile>
    <ClCompile Include="git\src\fmt-da-levels.cpp">
      <Filter>Source Files</Filter>
    </ClCompile>
    <ClCompile Include="git\src\fmt-dat-bash.cpp">
      <Filter>Source Files</Filter>
    </ClCompile>
    <ClCompile Include="git\src\fmt-dat-got.cpp">
      <Filter>Source Files</Filter>
    </ClCompile>
    <ClCompile Include="git\src\fmt-dat-highway.cpp">
      <Filter>Source Files</Filter>
    </ClCompile>
    <ClCompile Include="git\src\fmt-dat-hocus.cpp">
      <Filter>Source Files</Filter>
    </ClCompile>
    <ClCompile Include="git\src\fmt-dat-hugo.cpp">
      <Filter>Source Files</Filter>
    </ClCompile>
    <ClCompile Include="git\src\fmt-dat-lostvikings.cpp">
      <Filter>Source Files</Filter>
    </ClCompile>
    <ClCompile Include="git\src\fmt-dat-mystic.cpp">
      <Filter>Source Files</Filter>
    </ClCompile>
    <ClCompile Include="git\src\fmt-dat-sango.cpp">
      <Filter>Source Files</Filter>
    </ClCompile>
    <ClCompile Include="git\src\fmt-dat-wacky.cpp">
      <Filter>Source Files</Filter>
    </ClCompile>
    <ClCompile Include="git\src\fmt-dlt-stargunner.cpp">
      <Filter>Source Files</Filter>
    </ClCompile>
    <ClCompile Include="git\src\fmt-epf-lionking.cpp">
      <Filter>Source Files</Filter>
    </ClCompile>
    <ClCompile Include="git\src\fmt-exe-ccaves.cpp">
      <Filter>Source Files</Filter>
    </ClCompile>
    <ClCompile Include="git\src\fmt-exe-ddave.cpp">
      <Filter>Source Files</Filter>
    </ClCompile>
    <ClCompile Include="git\src\fmt-gd-doofus.cpp">
      <Filter>Source Files</Filter>
    </ClCompile>
    <ClCompile Include="git\src\fmt-glb-raptor.cpp">
      <Filter>Source Files</Filter>
    </ClCompile>
    <ClCompile Include="git\src\fmt-grp-duke3d.cpp">
      <Filter>Source Files</Filter>
    </ClCompile>
    <ClCompile Include="git\src\fmt-hog-descent.cpp">
      <Filter>Source Files</Filter>
    </ClCompile>
    <ClCompile Include="git\src\fmt-lbr-vinyl.cpp">
      <Filter>Source Files</Filter>
    </ClCompile>
    <ClCompile Include="git\src\fmt-lib-mythos.cpp">
      <Filter>Source Files</Filter>
    </ClCompile>
    <ClCompile Include="git\src\fmt-pcxlib.cpp">
      <Filter>Source Files</Filter>
    </ClCompile>
    <ClCompile Include="git\src\fmt-pod-tv.cpp">
      <Filter>Source Files</Filter>
    </ClCompile>
    <ClCompile Include="git\src\fmt-resource-tim.cpp">
      <Filter>Source Files</Filter>
    </ClCompile>
    <ClCompile Include="git\src\fmt-resource-tim-fat.cpp">
      <Filter>Source Files</Filter>
    </ClCompile>
    <ClCompile Include="git\src\fmt-res-stellar7.cpp">
      <Filter>Source Files</Filter>
    </ClCompile>
    <ClCompile Include="git\src\fmt-rff-blood.cpp">
      <Filter>Source Files</Filter>
    </ClCompile>
    <ClCompile Include="git\src\fmt-roads-skyroads.cpp">
      <Filter>Source Files</Filter>
    </ClCompile>
    <ClCompile Include="git\src\fmt-vol-cosmo.cpp">
      <Filter>Source Files</Filter>
    </ClCompile>
    <ClCompile Include="git\src\fmt-wad-doom.cpp">
      <Filter>Source Files</Filter>
    </ClCompile>
    <ClCompile Include="git\src\main.cpp">
      <Filter>Source Files</Filter>
    </ClCompile>
    <ClCompile Include="git\src\util.cpp">
      <Filter>Source Files</Filter>
    </ClCompile>
  </ItemGroup>
  <ItemGroup>
    <ClInclude Include="git\src\fatarchive.hpp">
      <Filter>Header Files</Filter>
    </ClInclude>
    <ClInclude Include="git\src\filter-bash.hpp">
      <Filter>Header Files</Filter>
    </ClInclude>
    <ClInclude Include="git\src\filter-bash-rle.hpp">
      <Filter>Header Files</Filter>
    </ClInclude>
    <ClInclude Include="git\src\filter-bitswap.hpp">
      <Filter>Header Files</Filter>
    </ClInclude>
    <ClInclude Include="git\src\filter-ddave-rle.hpp">
      <Filter>Header Files</Filter>
    </ClInclude>
    <ClInclude Include="git\src\filter-epfs.hpp">
      <Filter>Header Files</Filter>
    </ClInclude>
    <ClInclude Include="git\src\filter-glb-raptor.hpp">
      <Filter>Header Files</Filter>
    </ClInclude>
    <ClInclude Include="git\src\filter-got-lzss.hpp">
      <Filter>Header Files</Filter>
    </ClInclude>
    <ClInclude Include="git\src\filter-skyroads.hpp">
      <Filter>Header Files</Filter>
    </ClInclude>
    <ClInclude Include="git\src\filter-stargunner.hpp">
      <Filter>Header Files</Filter>
    </ClInclude>
    <ClInclude Include="git\src\filter-stellar7.hpp">
      <Filter>Header Files</Filter>
    </ClInclude>
    <ClInclude Include="git\src\filter-xor.hpp">
      <Filter>Header Files</Filter>
    </ClInclude>
    <ClInclude Include="git\src\filter-xor-blood.hpp">
      <Filter>Header Files</Filter>
    </ClInclude>
    <ClInclude Include="git\src\filter-xor-sagent.hpp">
      <Filter>Header Files</Filter>
    </ClInclude>
    <ClInclude Include="git\src\filter-zone66.hpp">
      <Filter>Header Files</Filter>
    </ClInclude>
    <ClInclude Include="git\src\fmt-bnk-harry.hpp">
      <Filter>Header Files</Filter>
    </ClInclude>
    <ClInclude Include="git\src\fmt-da-levels.hpp">
      <Filter>Header Files</Filter>
    </ClInclude>
    <ClInclude Include="git\src\fmt-dat-bash.hpp">
      <Filter>Header Files</Filter>
    </ClInclude>
    <ClInclude Include="git\src\fmt-dat-got.hpp">
      <Filter>Header Files</Filter>
    </ClInclude>
    <ClInclude Include="git\src\fmt-dat-highway.hpp">
      <Filter>Header Files</Filter>
    </ClInclude>
    <ClInclude Include="git\src\fmt-dat-hocus.hpp">
      <Filter>Header Files</Filter>
    </ClInclude>
    <ClInclude Include="git\src\fmt-dat-hugo.hpp">
      <Filter>Header Files</Filter>
    </ClInclude>
    <ClInclude Include="git\src\fmt-dat-lostvikings.hpp">
      <Filter>Header Files</Filter>
    </ClInclude>
    <ClInclude Include="git\src\fmt-dat-mystic.hpp">
      <Filter>Header Files</Filter>
    </ClInclude>
    <ClInclude Include="git\src\fmt-dat-sango.hpp">
      <Filter>Header Files</Filter>
    </ClInclude>
    <ClInclude Include="git\src\fmt-dat-wacky.hpp">
      <Filter>Header Files</Filter>
    </ClInclude>
    <ClInclude Include="git\src\fmt-dlt-stargunner.hpp">
      <Filter>Header Files</Filter>
    </ClInclude>
    <ClInclude Include="git\src\fmt-epf-lionking.hpp">
      <Filter>Header Files</Filter>
    </ClInclude>
    <ClInclude Include="git\src\fmt-exe-ccaves.hpp">
      <Filter>Header Files</Filter>
    </ClInclude>
    <ClInclude Include="git\src\fmt-exe-ddave.hpp">
      <Filter>Header Files</Filter>
    </ClInclude>
    <ClInclude Include="git\src\fmt-gd-doofus.hpp">
      <Filter>Header Files</Filter>
    </ClInclude>
    <ClInclude Include="git\src\fmt-glb-raptor.hpp">
      <Filter>Header Files</Filter>
    </ClInclude>
    <ClInclude Include="git\src\fmt-grp-duke3d.hpp">
      <Filter>Header Files</Filter>
    </ClInclude>
    <ClInclude Include="git\src\fmt-hog-descent.hpp">
      <Filter>Header Files</Filter>
    </ClInclude>
    <ClInclude Include="git\src\fmt-lbr-vinyl.hpp">
      <Filter>Header Files</Filter>
    </ClInclude>
    <ClInclude Include="git\src\fmt-lib-mythos.hpp">
      <Filter>Header Files</Filter>
    </ClInclude>
    <ClInclude Include="git\src\fmt-pcxlib.hpp">
      <Filter>Header Files</Filter>
    </ClInclude>
    <ClInclude Include="git\src\fmt-pod-tv.hpp">
      <Filter>Header Files</Filter>
    </ClInclude>
    <ClInclude Include="git\src\fmt-resource-tim.hpp">
      <Filter>Header Files</Filter>
    </ClInclude>
    <ClInclude Include="git\src\fmt-resource-tim-fat.hpp">
      <Filter>Header Files</Filter>
    </ClInclude>
    <ClInclude Include="git\src\fmt-res-stellar7.hpp">
      <Filter>Header Files</Filter>
    </ClInclude>
    <ClInclude Include="git\src\fmt-rff-blood.hpp">
      <Filter>Header Files</Filter>
    </ClInclude>
    <ClInclude Include="git\src\fmt-roads-skyroads.hpp">
      <Filter>Header Files</Filter>
    </ClInclude>
    <ClInclude Include="git\src\fmt-vol-cosmo.hpp">
      <Filter>Header Files</Filter>
    </ClInclude>
    <ClInclude Include="git\src\fmt-wad-doom.hpp">
      <Filter>Header Files</Filter>
    </ClInclude>
    <ClInclude Include="git\include\camoto\gamearchive.hpp">
      <Filter>Header Files</Filter>
    </ClInclude>
    <ClInclude Include="git\include\camoto\gamearchive\archive.hpp">
      <Filter>Header Files</Filter>
    </ClInclude>
    <ClInclude Include="git\include\camoto\gamearchive\archivetype.hpp">
      <Filter>Header Files</Filter>
    </ClInclude>
    <ClInclude Include="git\include\camoto\gamearchive\filtertype.hpp">
      <Filter>Header Files</Filter>
    </ClInclude>
    <ClInclude Include="git\include\camoto\gamearchive\fixedarchive.hpp">
      <Filter>Header Files</Filter>
    </ClInclude>
    <ClInclude Include="git\include\camoto\gamearchive\manager.hpp">
      <Filter>Header Files</Filter>
    </ClInclude>
    <ClInclude Include="git\include\camoto\gamearchive\util.hpp">
      <Filter>Header Files</Filter>
    </ClInclude>
  </ItemGroup>
  <ItemGroup>
    <None Include="packages.config" />
  </ItemGroup>
</Project>