
Microsoft Visual Studio Solution File, Format Version 12.00
# Visual Studio 2013
VisualStudioVersion = 12.0.31101.0
MinimumVisualStudioVersion = 10.0.40219.1
Project("{2150E333-8FDC-42A3-9474-1A3956D46DE8}") = "libgamecommon", "libgamecommon", "{6FF6DB22-76F8-4895-BA3B-697AF0354B2B}"
EndProject
Project("{2150E333-8FDC-42A3-9474-1A3956D46DE8}") = "libgamearchive", "libgamearchive", "{6FDF6803-4D58-400E-8051-09899813FE6A}"
EndProject
Project("{8BC9CEB8-8B4A-11D0-8D11-00A0C91BC942}") = "libgamearchive", "libgamearchive\libgamearchive.vcxproj", "{3B67F629-F4C5-4B3A-B6DF-AEB58981B596}"
EndProject
Project("{8BC9CEB8-8B4A-11D0-8D11-00A0C91BC942}") = "libgamearchive-tests", "libgamearchive-tests\libgamearchive-tests.vcxproj", "{93C1D5CC-0B52-4B3A-8045-96B7315194BC}"
EndProject
Project("{8BC9CEB8-8B4A-11D0-8D11-00A0C91BC942}") = "libgamecommon", "libgamecommon\libgamecommon.vcxproj", "{147C5DF4-742B-4C71-93FF-B5CE8FDB2C34}"
EndProject
Project("{8BC9CEB8-8B4A-11D0-8D11-00A0C91BC942}") = "libgamecommon-tests", "libgamecommon-tests\libgamecommon-tests.vcxproj", "{F2891C89-3979-49A9-AA3F-A373CD57A1EE}"
EndProject
Project("{2150E333-8FDC-42A3-9474-1A3956D46DE8}") = "libgamegraphics", "libgamegraphics", "{A1CE58A4-FAD8-478E-AC24-F0D8907445EA}"
EndProject
Project("{2150E333-8FDC-42A3-9474-1A3956D46DE8}") = "libgamemaps", "libgamemaps", "{6B9A443A-7FC6-49EB-953C-3FC72B7C30C7}"
EndProject
Project("{2150E333-8FDC-42A3-9474-1A3956D46DE8}") = "libgamemusic", "libgamemusic", "{F545BF67-469F-427F-A912-BB07F48C3E22}"
EndProject
Project("{2150E333-8FDC-42A3-9474-1A3956D46DE8}") = "studio", "studio", "{74F700AD-7815-49AF-8B43-31D551B7AC94}"
EndProject
Project("{8BC9CEB8-8B4A-11D0-8D11-00A0C91BC942}") = "libgamegraphics", "libgamegraphics\libgamegraphics.vcxproj", "{DF52AE8D-F363-4B71-9B71-4031026AC97C}"
EndProject
Project("{8BC9CEB8-8B4A-11D0-8D11-00A0C91BC942}") = "libgamemaps", "libgamemaps\libgamemaps.vcxproj", "{8585F8E2-8003-4AA2-B19B-EC97B5BD5D05}"
EndProject
Project("{8BC9CEB8-8B4A-11D0-8D11-00A0C91BC942}") = "libgamemusic", "libgamemusic\libgamemusic.vcxproj", "{3779E234-A9CC-455A-9607-BA287133FD75}"
EndProject
Project("{8BC9CEB8-8B4A-11D0-8D11-00A0C91BC942}") = "camoto-studio", "camoto-studio\camoto-studio.vcxproj", "{0BE4265F-4760-4546-B1D9-5F9A769D0C57}"
EndProject
Project("{8BC9CEB8-8B4A-11D0-8D11-00A0C91BC942}") = "libgamegraphics-tests", "libgamegraphics-tests\libgamegraphics-tests.vcxproj", "{A430B638-E618-4405-9AD1-18A9B7378178}"
EndProject
Project("{8BC9CEB8-8B4A-11D0-8D11-00A0C91BC942}") = "libgamemaps-tests", "libgamemaps-tests\libgamemaps-tests.vcxproj", "{1F0CF506-B5D8-4635-85B8-B8953D30D3C2}"
EndProject
Project("{8BC9CEB8-8B4A-11D0-8D11-00A0C91BC942}") = "libgamemusic-tests", "libgamemusic-tests\libgamemusic-tests.vcxproj", "{8A61BB56-5966-4366-B241-C51800720061}"
EndProject
Project("{8BC9CEB8-8B4A-11D0-8D11-00A0C91BC942}") = "dro2txt", "dro2txt\dro2txt.vcxproj", "{90F29F3A-16DB-40FE-80F3-93E863715098}"
EndProject
Project("{8BC9CEB8-8B4A-11D0-8D11-00A0C91BC942}") = "gamearch", "gamearch\gamearch.vcxproj", "{37B5C849-4EB8-46EF-BA83-8D1E64CC5B12}"
EndProject
Project("{8BC9CEB8-8B4A-11D0-8D11-00A0C91BC942}") = "gamecomp", "gamecomp\gamecomp.vcxproj", "{CE2CF418-344A-4ED5-B966-A1569544C532}"
EndProject
Project("{8BC9CEB8-8B4A-11D0-8D11-00A0C91BC942}") = "gametls", "gametls\gametls.vcxproj", "{C2BEB272-F746-429C-83CA-F96C82BDF658}"
EndProject
Project("{8BC9CEB8-8B4A-11D0-8D11-00A0C91BC942}") = "gameimg", "gameimg\gameimg.vcxproj", "{3825D260-47AC-45A0-B48F-904CC00B2D05}"
EndProject
Project("{8BC9CEB8-8B4A-11D0-8D11-00A0C91BC942}") = "dumpb800", "dumpb800\dumpb800.vcxproj", "{BDA5AC2F-CF9E-4AB4-A9E9-4982D8EDB046}"
EndProject
Project("{8BC9CEB8-8B4A-11D0-8D11-00A0C91BC942}") = "dumppal", "dumppal\dumppal.vcxproj", "{AF46B952-23FB-4227-9D63-9F97C645F8B8}"
EndProject
Project("{8BC9CEB8-8B4A-11D0-8D11-00A0C91BC942}") = "gamemap", "gamemap\gamemap.vcxproj", "{03595AAC-ACA9-4052-8D98-35CED52AC2DC}"
EndProject
Project("{8BC9CEB8-8B4A-11D0-8D11-00A0C91BC942}") = "gamemus", "gamemus\gamemus.vcxproj", "{CCFC8B47-CFAB-45AE-A98D-EEAB5CAD8503}"
EndProject
Global
	GlobalSection(SolutionConfigurationPlatforms) = preSolution
		Debug|Win32 = Debug|Win32
		Debug|x64 = Debug|x64
		Release|Win32 = Release|Win32
		Release|x64 = Release|x64
		ReleaseMinDependency|Win32 = ReleaseMinDependency|Win32
		ReleaseMinDependency|x64 = ReleaseMinDependency|x64
	EndGlobalSection
	GlobalSection(ProjectConfigurationPlatforms) = postSolution
		{3B67F629-F4C5-4B3A-B6DF-AEB58981B596}.Debug|Win32.ActiveCfg = Debug|Win32
		{3B67F629-F4C5-4B3A-B6DF-AEB58981B596}.Debug|Win32.Build.0 = Debug|Win32
		{3B67F629-F4C5-4B3A-B6DF-AEB58981B596}.Debug|x64.ActiveCfg = Debug|x64
		{3B67F629-F4C5-4B3A-B6DF-AEB58981B596}.Debug|x64.Build.0 = Debug|x64
		{3B67F629-F4C5-4B3A-B6DF-AEB58981B596}.Release|Win32.ActiveCfg = Release|Win32
		{3B67F629-F4C5-4B3A-B6DF-AEB58981B596}.Release|Win32.Build.0 = Release|Win32
		{3B67F629-F4C5-4B3A-B6DF-AEB58981B596}.Release|x64.ActiveCfg = Release|x64
		{3B67F629-F4C5-4B3A-B6DF-AEB58981B596}.Release|x64.Build.0 = Release|x64
		{3B67F629-F4C5-4B3A-B6DF-AEB58981B596}.ReleaseMinDependency|Win32.ActiveCfg = Release|Win32
		{3B67F629-F4C5-4B3A-B6DF-AEB58981B596}.ReleaseMinDependency|x64.ActiveCfg = Release|x64
		{3B67F629-F4C5-4B3A-B6DF-AEB58981B596}.ReleaseMinDependency|x64.Build.0 = Release|x64
		{93C1D5CC-0B52-4B3A-8045-96B7315194BC}.Debug|Win32.ActiveCfg = Debug|Win32
		{93C1D5CC-0B52-4B3A-8045-96B7315194BC}.Debug|Win32.Build.0 = Debug|Win32
		{93C1D5CC-0B52-4B3A-8045-96B7315194BC}.Debug|x64.ActiveCfg = Debug|x64
		{93C1D5CC-0B52-4B3A-8045-96B7315194BC}.Debug|x64.Build.0 = Debug|x64
		{93C1D5CC-0B52-4B3A-8045-96B7315194BC}.Release|Win32.ActiveCfg = Release|Win32
		{93C1D5CC-0B52-4B3A-8045-96B7315194BC}.Release|Win32.Build.0 = Release|Win32
		{93C1D5CC-0B52-4B3A-8045-96B7315194BC}.Release|x64.ActiveCfg = Release|x64
		{93C1D5CC-0B52-4B3A-8045-96B7315194BC}.Release|x64.Build.0 = Release|x64
		{93C1D5CC-0B52-4B3A-8045-96B7315194BC}.ReleaseMinDependency|Win32.ActiveCfg = Release|Win32
		{93C1D5CC-0B52-4B3A-8045-96B7315194BC}.ReleaseMinDependency|x64.ActiveCfg = Release|x64
		{93C1D5CC-0B52-4B3A-8045-96B7315194BC}.ReleaseMinDependency|x64.Build.0 = Release|x64
		{147C5DF4-742B-4C71-93FF-B5CE8FDB2C34}.Debug|Win32.ActiveCfg = Debug|Win32
		{147C5DF4-742B-4C71-93FF-B5CE8FDB2C34}.Debug|Win32.Build.0 = Debug|Win32
		{147C5DF4-742B-4C71-93FF-B5CE8FDB2C34}.Debug|x64.ActiveCfg = Debug|x64
		{147C5DF4-742B-4C71-93FF-B5CE8FDB2C34}.Debug|x64.Build.0 = Debug|x64
		{147C5DF4-742B-4C71-93FF-B5CE8FDB2C34}.Release|Win32.ActiveCfg = Release|Win32
		{147C5DF4-742B-4C71-93FF-B5CE8FDB2C34}.Release|Win32.Build.0 = Release|Win32
		{147C5DF4-742B-4C71-93FF-B5CE8FDB2C34}.Release|x64.ActiveCfg = Release|x64
		{147C5DF4-742B-4C71-93FF-B5CE8FDB2C34}.Release|x64.Build.0 = Release|x64
		{147C5DF4-742B-4C71-93FF-B5CE8FDB2C34}.ReleaseMinDependency|Win32.ActiveCfg = Release|Win32
		{147C5DF4-742B-4C71-93FF-B5CE8FDB2C34}.ReleaseMinDependency|x64.ActiveCfg = Release|x64
		{147C5DF4-742B-4C71-93FF-B5CE8FDB2C34}.ReleaseMinDependency|x64.Build.0 = Release|x64
		{F2891C89-3979-49A9-AA3F-A373CD57A1EE}.Debug|Win32.ActiveCfg = Debug|Win32
		{F2891C89-3979-49A9-AA3F-A373CD57A1EE}.Debug|Win32.Build.0 = Debug|Win32
		{F2891C89-3979-49A9-AA3F-A373CD57A1EE}.Debug|x64.ActiveCfg = Debug|x64
		{F2891C89-3979-49A9-AA3F-A373CD57A1EE}.Debug|x64.Build.0 = Debug|x64
		{F2891C89-3979-49A9-AA3F-A373CD57A1EE}.Release|Win32.ActiveCfg = Release|Win32
		{F2891C89-3979-49A9-AA3F-A373CD57A1EE}.Release|Win32.Build.0 = Release|Win32
		{F2891C89-3979-49A9-AA3F-A373CD57A1EE}.Release|x64.ActiveCfg = Release|x64
		{F2891C89-3979-49A9-AA3F-A373CD57A1EE}.Release|x64.Build.0 = Release|x64
		{F2891C89-3979-49A9-AA3F-A373CD57A1EE}.ReleaseMinDependency|Win32.ActiveCfg = Release|Win32
		{F2891C89-3979-49A9-AA3F-A373CD57A1EE}.ReleaseMinDependency|x64.ActiveCfg = Release|x64
		{F2891C89-3979-49A9-AA3F-A373CD57A1EE}.ReleaseMinDependency|x64.Build.0 = Release|x64
		{DF52AE8D-F363-4B71-9B71-4031026AC97C}.Debug|Win32.ActiveCfg = Debug|Win32
		{DF52AE8D-F363-4B71-9B71-4031026AC97C}.Debug|Win32.Build.0 = Debug|Win32
		{DF52AE8D-F363-4B71-9B71-4031026AC97C}.Debug|x64.ActiveCfg = Debug|x64
		{DF52AE8D-F363-4B71-9B71-4031026AC97C}.Debug|x64.Build.0 = Debug|x64
		{DF52AE8D-F363-4B71-9B71-4031026AC97C}.Release|Win32.ActiveCfg = Release|Win32
		{DF52AE8D-F363-4B71-9B71-4031026AC97C}.Release|Win32.Build.0 = Release|Win32
		{DF52AE8D-F363-4B71-9B71-4031026AC97C}.Release|x64.ActiveCfg = Release|x64
		{DF52AE8D-F363-4B71-9B71-4031026AC97C}.Release|x64.Build.0 = Release|x64
		{DF52AE8D-F363-4B71-9B71-4031026AC97C}.ReleaseMinDependency|Win32.ActiveCfg = Release|Win32
		{DF52AE8D-F363-4B71-9B71-4031026AC97C}.ReleaseMinDependency|x64.ActiveCfg = Release|x64
		{DF52AE8D-F363-4B71-9B71-4031026AC97C}.ReleaseMinDependency|x64.Build.0 = Release|x64
		{8585F8E2-8003-4AA2-B19B-EC97B5BD5D05}.Debug|Win32.ActiveCfg = Debug|Win32
		{8585F8E2-8003-4AA2-B19B-EC97B5BD5D05}.Debug|Win32.Build.0 = Debug|Win32
		{8585F8E2-8003-4AA2-B19B-EC97B5BD5D05}.Debug|x64.ActiveCfg = Debug|x64
		{8585F8E2-8003-4AA2-B19B-EC97B5BD5D05}.Debug|x64.Build.0 = Debug|x64
		{8585F8E2-8003-4AA2-B19B-EC97B5BD5D05}.Release|Win32.ActiveCfg = Release|Win32
		{8585F8E2-8003-4AA2-B19B-EC97B5BD5D05}.Release|Win32.Build.0 = Release|Win32
		{8585F8E2-8003-4AA2-B19B-EC97B5BD5D05}.Release|x64.ActiveCfg = Release|x64
		{8585F8E2-8003-4AA2-B19B-EC97B5BD5D05}.Release|x64.Build.0 = Release|x64
		{8585F8E2-8003-4AA2-B19B-EC97B5BD5D05}.ReleaseMinDependency|Win32.ActiveCfg = Release|Win32
		{8585F8E2-8003-4AA2-B19B-EC97B5BD5D05}.ReleaseMinDependency|x64.ActiveCfg = Release|x64
		{8585F8E2-8003-4AA2-B19B-EC97B5BD5D05}.ReleaseMinDependency|x64.Build.0 = Release|x64
		{3779E234-A9CC-455A-9607-BA287133FD75}.Debug|Win32.ActiveCfg = Debug|Win32
		{3779E234-A9CC-455A-9607-BA287133FD75}.Debug|Win32.Build.0 = Debug|Win32
		{3779E234-A9CC-455A-9607-BA287133FD75}.Debug|x64.ActiveCfg = Debug|x64
		{3779E234-A9CC-455A-9607-BA287133FD75}.Debug|x64.Build.0 = Debug|x64
		{3779E234-A9CC-455A-9607-BA287133FD75}.Release|Win32.ActiveCfg = Release|Win32
		{3779E234-A9CC-455A-9607-BA287133FD75}.Release|Win32.Build.0 = Release|Win32
		{3779E234-A9CC-455A-9607-BA287133FD75}.Release|x64.ActiveCfg = Release|x64
		{3779E234-A9CC-455A-9607-BA287133FD75}.Release|x64.Build.0 = Release|x64
		{3779E234-A9CC-455A-9607-BA287133FD75}.ReleaseMinDependency|Win32.ActiveCfg = Release|Win32
		{3779E234-A9CC-455A-9607-BA287133FD75}.ReleaseMinDependency|x64.ActiveCfg = Release|x64
		{3779E234-A9CC-455A-9607-BA287133FD75}.ReleaseMinDependency|x64.Build.0 = Release|x64
		{0BE4265F-4760-4546-B1D9-5F9A769D0C57}.Debug|Win32.ActiveCfg = Debug|Win32
		{0BE4265F-4760-4546-B1D9-5F9A769D0C57}.Debug|Win32.Build.0 = Debug|Win32
		{0BE4265F-4760-4546-B1D9-5F9A769D0C57}.Debug|x64.ActiveCfg = Debug|x64
		{0BE4265F-4760-4546-B1D9-5F9A769D0C57}.Debug|x64.Build.0 = Debug|x64
		{0BE4265F-4760-4546-B1D9-5F9A769D0C57}.Release|Win32.ActiveCfg = Release|Win32
		{0BE4265F-4760-4546-B1D9-5F9A769D0C57}.Release|Win32.Build.0 = Release|Win32
		{0BE4265F-4760-4546-B1D9-5F9A769D0C57}.Release|x64.ActiveCfg = Release|x64
		{0BE4265F-4760-4546-B1D9-5F9A769D0C57}.Release|x64.Build.0 = Release|x64
		{0BE4265F-4760-4546-B1D9-5F9A769D0C57}.ReleaseMinDependency|Win32.ActiveCfg = Release|Win32
		{0BE4265F-4760-4546-B1D9-5F9A769D0C57}.ReleaseMinDependency|x64.ActiveCfg = Release|x64
		{0BE4265F-4760-4546-B1D9-5F9A769D0C57}.ReleaseMinDependency|x64.Build.0 = Release|x64
		{A430B638-E618-4405-9AD1-18A9B7378178}.Debug|Win32.ActiveCfg = Debug|Win32
		{A430B638-E618-4405-9AD1-18A9B7378178}.Debug|Win32.Build.0 = Debug|Win32
		{A430B638-E618-4405-9AD1-18A9B7378178}.Debug|x64.ActiveCfg = Debug|x64
		{A430B638-E618-4405-9AD1-18A9B7378178}.Debug|x64.Build.0 = Debug|x64
		{A430B638-E618-4405-9AD1-18A9B7378178}.Release|Win32.ActiveCfg = Release|Win32
		{A430B638-E618-4405-9AD1-18A9B7378178}.Release|Win32.Build.0 = Release|Win32
		{A430B638-E618-4405-9AD1-18A9B7378178}.Release|x64.ActiveCfg = Release|x64
		{A430B638-E618-4405-9AD1-18A9B7378178}.Release|x64.Build.0 = Release|x64
		{A430B638-E618-4405-9AD1-18A9B7378178}.ReleaseMinDependency|Win32.ActiveCfg = Release|Win32
		{A430B638-E618-4405-9AD1-18A9B7378178}.ReleaseMinDependency|x64.ActiveCfg = Release|x64
		{A430B638-E618-4405-9AD1-18A9B7378178}.ReleaseMinDependency|x64.Build.0 = Release|x64
		{1F0CF506-B5D8-4635-85B8-B8953D30D3C2}.Debug|Win32.ActiveCfg = Debug|Win32
		{1F0CF506-B5D8-4635-85B8-B8953D30D3C2}.Debug|Win32.Build.0 = Debug|Win32
		{1F0CF506-B5D8-4635-85B8-B8953D30D3C2}.Debug|x64.ActiveCfg = Debug|x64
		{1F0CF506-B5D8-4635-85B8-B8953D30D3C2}.Debug|x64.Build.0 = Debug|x64
		{1F0CF506-B5D8-4635-85B8-B8953D30D3C2}.Release|Win32.ActiveCfg = Release|Win32
		{1F0CF506-B5D8-4635-85B8-B8953D30D3C2}.Release|Win32.Build.0 = Release|Win32
		{1F0CF506-B5D8-4635-85B8-B8953D30D3C2}.Release|x64.ActiveCfg = Release|x64
		{1F0CF506-B5D8-4635-85B8-B8953D30D3C2}.Release|x64.Build.0 = Release|x64
		{1F0CF506-B5D8-4635-85B8-B8953D30D3C2}.ReleaseMinDependency|Win32.ActiveCfg = Release|Win32
		{1F0CF506-B5D8-4635-85B8-B8953D30D3C2}.ReleaseMinDependency|x64.ActiveCfg = Release|x64
		{1F0CF506-B5D8-4635-85B8-B8953D30D3C2}.ReleaseMinDependency|x64.Build.0 = Release|x64
		{8A61BB56-5966-4366-B241-C51800720061}.Debug|Win32.ActiveCfg = Debug|Win32
		{8A61BB56-5966-4366-B241-C51800720061}.Debug|Win32.Build.0 = Debug|Win32
		{8A61BB56-5966-4366-B241-C51800720061}.Debug|x64.ActiveCfg = Debug|x64
		{8A61BB56-5966-4366-B241-C51800720061}.Debug|x64.Build.0 = Debug|x64
		{8A61BB56-5966-4366-B241-C51800720061}.Release|Win32.ActiveCfg = Release|Win32
		{8A61BB56-5966-4366-B241-C51800720061}.Release|Win32.Build.0 = Release|Win32
		{8A61BB56-5966-4366-B241-C51800720061}.Release|x64.ActiveCfg = Release|x64
		{8A61BB56-5966-4366-B241-C51800720061}.Release|x64.Build.0 = Release|x64
		{8A61BB56-5966-4366-B241-C51800720061}.ReleaseMinDependency|Win32.ActiveCfg = Release|Win32
		{8A61BB56-5966-4366-B241-C51800720061}.ReleaseMinDependency|x64.ActiveCfg = Release|x64
		{8A61BB56-5966-4366-B241-C51800720061}.ReleaseMinDependency|x64.Build.0 = Release|x64
		{90F29F3A-16DB-40FE-80F3-93E863715098}.Debug|Win32.ActiveCfg = Debug|Win32
		{90F29F3A-16DB-40FE-80F3-93E863715098}.Debug|Win32.Build.0 = Debug|Win32
		{90F29F3A-16DB-40FE-80F3-93E863715098}.Debug|x64.ActiveCfg = Debug|x64
		{90F29F3A-16DB-40FE-80F3-93E863715098}.Debug|x64.Build.0 = Debug|x64
		{90F29F3A-16DB-40FE-80F3-93E863715098}.Release|Win32.ActiveCfg = Release|Win32
		{90F29F3A-16DB-40FE-80F3-93E863715098}.Release|Win32.Build.0 = Release|Win32
		{90F29F3A-16DB-40FE-80F3-93E863715098}.Release|x64.ActiveCfg = Release|x64
		{90F29F3A-16DB-40FE-80F3-93E863715098}.Release|x64.Build.0 = Release|x64
		{90F29F3A-16DB-40FE-80F3-93E863715098}.ReleaseMinDependency|Win32.ActiveCfg = Release|Win32
		{90F29F3A-16DB-40FE-80F3-93E863715098}.ReleaseMinDependency|x64.ActiveCfg = Release|x64
		{90F29F3A-16DB-40FE-80F3-93E863715098}.ReleaseMinDependency|x64.Build.0 = Release|x64
		{37B5C849-4EB8-46EF-BA83-8D1E64CC5B12}.Debug|Win32.ActiveCfg = Debug|Win32
		{37B5C849-4EB8-46EF-BA83-8D1E64CC5B12}.Debug|Win32.Build.0 = Debug|Win32
		{37B5C849-4EB8-46EF-BA83-8D1E64CC5B12}.Debug|x64.ActiveCfg = Debug|x64
		{37B5C849-4EB8-46EF-BA83-8D1E64CC5B12}.Debug|x64.Build.0 = Debug|x64
		{37B5C849-4EB8-46EF-BA83-8D1E64CC5B12}.Release|Win32.ActiveCfg = Release|Win32
		{37B5C849-4EB8-46EF-BA83-8D1E64CC5B12}.Release|Win32.Build.0 = Release|Win32
		{37B5C849-4EB8-46EF-BA83-8D1E64CC5B12}.Release|x64.ActiveCfg = Release|x64
		{37B5C849-4EB8-46EF-BA83-8D1E64CC5B12}.Release|x64.Build.0 = Release|x64
		{37B5C849-4EB8-46EF-BA83-8D1E64CC5B12}.ReleaseMinDependency|Win32.ActiveCfg = Release|Win32
		{37B5C849-4EB8-46EF-BA83-8D1E64CC5B12}.ReleaseMinDependency|x64.ActiveCfg = Release|x64
		{37B5C849-4EB8-46EF-BA83-8D1E64CC5B12}.ReleaseMinDependency|x64.Build.0 = Release|x64
		{CE2CF418-344A-4ED5-B966-A1569544C532}.Debug|Win32.ActiveCfg = Debug|Win32
		{CE2CF418-344A-4ED5-B966-A1569544C532}.Debug|Win32.Build.0 = Debug|Win32
		{CE2CF418-344A-4ED5-B966-A1569544C532}.Debug|x64.ActiveCfg = Debug|x64
		{CE2CF418-344A-4ED5-B966-A1569544C532}.Debug|x64.Build.0 = Debug|x64
		{CE2CF418-344A-4ED5-B966-A1569544C532}.Release|Win32.ActiveCfg = Release|Win32
		{CE2CF418-344A-4ED5-B966-A1569544C532}.Release|Win32.Build.0 = Release|Win32
		{CE2CF418-344A-4ED5-B966-A1569544C532}.Release|x64.ActiveCfg = Release|x64
		{CE2CF418-344A-4ED5-B966-A1569544C532}.Release|x64.Build.0 = Release|x64
		{CE2CF418-344A-4ED5-B966-A1569544C532}.ReleaseMinDependency|Win32.ActiveCfg = Release|Win32
		{CE2CF418-344A-4ED5-B966-A1569544C532}.ReleaseMinDependency|x64.ActiveCfg = Release|x64
		{CE2CF418-344A-4ED5-B966-A1569544C532}.ReleaseMinDependency|x64.Build.0 = Release|x64
		{C2BEB272-F746-429C-83CA-F96C82BDF658}.Debug|Win32.ActiveCfg = Debug|Win32
		{C2BEB272-F746-429C-83CA-F96C82BDF658}.Debug|Win32.Build.0 = Debug|Win32
		{C2BEB272-F746-429C-83CA-F96C82BDF658}.Debug|x64.ActiveCfg = Debug|x64
		{C2BEB272-F746-429C-83CA-F96C82BDF658}.Debug|x64.Build.0 = Debug|x64
		{C2BEB272-F746-429C-83CA-F96C82BDF658}.Release|Win32.ActiveCfg = Release|Win32
		{C2BEB272-F746-429C-83CA-F96C82BDF658}.Release|Win32.Build.0 = Release|Win32
		{C2BEB272-F746-429C-83CA-F96C82BDF658}.Release|x64.ActiveCfg = Release|x64
		{C2BEB272-F746-429C-83CA-F96C82BDF658}.Release|x64.Build.0 = Release|x64
		{C2BEB272-F746-429C-83CA-F96C82BDF658}.ReleaseMinDependency|Win32.ActiveCfg = Release|Win32
		{C2BEB272-F746-429C-83CA-F96C82BDF658}.ReleaseMinDependency|x64.ActiveCfg = Release|x64
		{C2BEB272-F746-429C-83CA-F96C82BDF658}.ReleaseMinDependency|x64.Build.0 = Release|x64
		{3825D260-47AC-45A0-B48F-904CC00B2D05}.Debug|Win32.ActiveCfg = Debug|Win32
		{3825D260-47AC-45A0-B48F-904CC00B2D05}.Debug|Win32.Build.0 = Debug|Win32
		{3825D260-47AC-45A0-B48F-904CC00B2D05}.Debug|x64.ActiveCfg = Debug|x64
		{3825D260-47AC-45A0-B48F-904CC00B2D05}.Debug|x64.Build.0 = Debug|x64
		{3825D260-47AC-45A0-B48F-904CC00B2D05}.Release|Win32.ActiveCfg = Release|Win32
		{3825D260-47AC-45A0-B48F-904CC00B2D05}.Release|Win32.Build.0 = Release|Win32
		{3825D260-47AC-45A0-B48F-904CC00B2D05}.Release|x64.ActiveCfg = Release|x64
		{3825D260-47AC-45A0-B48F-904CC00B2D05}.Release|x64.Build.0 = Release|x64
		{3825D260-47AC-45A0-B48F-904CC00B2D05}.ReleaseMinDependency|Win32.ActiveCfg = Release|Win32
		{3825D260-47AC-45A0-B48F-904CC00B2D05}.ReleaseMinDependency|x64.ActiveCfg = Release|x64
		{3825D260-47AC-45A0-B48F-904CC00B2D05}.ReleaseMinDependency|x64.Build.0 = Release|x64
		{BDA5AC2F-CF9E-4AB4-A9E9-4982D8EDB046}.Debug|Win32.ActiveCfg = Debug|Win32
		{BDA5AC2F-CF9E-4AB4-A9E9-4982D8EDB046}.Debug|Win32.Build.0 = Debug|Win32
		{BDA5AC2F-CF9E-4AB4-A9E9-4982D8EDB046}.Debug|x64.ActiveCfg = Debug|x64
		{BDA5AC2F-CF9E-4AB4-A9E9-4982D8EDB046}.Debug|x64.Build.0 = Debug|x64
		{BDA5AC2F-CF9E-4AB4-A9E9-4982D8EDB046}.Release|Win32.ActiveCfg = Release|Win32
		{BDA5AC2F-CF9E-4AB4-A9E9-4982D8EDB046}.Release|Win32.Build.0 = Release|Win32
		{BDA5AC2F-CF9E-4AB4-A9E9-4982D8EDB046}.Release|x64.ActiveCfg = Release|x64
		{BDA5AC2F-CF9E-4AB4-A9E9-4982D8EDB046}.Release|x64.Build.0 = Release|x64
		{BDA5AC2F-CF9E-4AB4-A9E9-4982D8EDB046}.ReleaseMinDependency|Win32.ActiveCfg = Release|Win32
		{BDA5AC2F-CF9E-4AB4-A9E9-4982D8EDB046}.ReleaseMinDependency|x64.ActiveCfg = Release|x64
		{BDA5AC2F-CF9E-4AB4-A9E9-4982D8EDB046}.ReleaseMinDependency|x64.Build.0 = Release|x64
		{AF46B952-23FB-4227-9D63-9F97C645F8B8}.Debug|Win32.ActiveCfg = Debug|Win32
		{AF46B952-23FB-4227-9D63-9F97C645F8B8}.Debug|Win32.Build.0 = Debug|Win32
		{AF46B952-23FB-4227-9D63-9F97C645F8B8}.Debug|x64.ActiveCfg = Debug|x64
		{AF46B952-23FB-4227-9D63-9F97C645F8B8}.Debug|x64.Build.0 = Debug|x64
		{AF46B952-23FB-4227-9D63-9F97C645F8B8}.Release|Win32.ActiveCfg = Release|Win32
		{AF46B952-23FB-4227-9D63-9F97C645F8B8}.Release|Win32.Build.0 = Release|Win32
		{AF46B952-23FB-4227-9D63-9F97C645F8B8}.Release|x64.ActiveCfg = Release|x64
		{AF46B952-23FB-4227-9D63-9F97C645F8B8}.Release|x64.Build.0 = Release|x64
		{AF46B952-23FB-4227-9D63-9F97C645F8B8}.ReleaseMinDependency|Win32.ActiveCfg = Release|Win32
		{AF46B952-23FB-4227-9D63-9F97C645F8B8}.ReleaseMinDependency|x64.ActiveCfg = Release|x64
		{AF46B952-23FB-4227-9D63-9F97C645F8B8}.ReleaseMinDependency|x64.Build.0 = Release|x64
		{03595AAC-ACA9-4052-8D98-35CED52AC2DC}.Debug|Win32.ActiveCfg = Debug|Win32
		{03595AAC-ACA9-4052-8D98-35CED52AC2DC}.Debug|Win32.Build.0 = Debug|Win32
		{03595AAC-ACA9-4052-8D98-35CED52AC2DC}.Debug|x64.ActiveCfg = Debug|x64
		{03595AAC-ACA9-4052-8D98-35CED52AC2DC}.Debug|x64.Build.0 = Debug|x64
		{03595AAC-ACA9-4052-8D98-35CED52AC2DC}.Release|Win32.ActiveCfg = Release|Win32
		{03595AAC-ACA9-4052-8D98-35CED52AC2DC}.Release|Win32.Build.0 = Release|Win32
		{03595AAC-ACA9-4052-8D98-35CED52AC2DC}.Release|x64.ActiveCfg = Release|x64
		{03595AAC-ACA9-4052-8D98-35CED52AC2DC}.Release|x64.Build.0 = Release|x64
		{03595AAC-ACA9-4052-8D98-35CED52AC2DC}.ReleaseMinDependency|Win32.ActiveCfg = Release|Win32
		{03595AAC-ACA9-4052-8D98-35CED52AC2DC}.ReleaseMinDependency|x64.ActiveCfg = Release|x64
		{03595AAC-ACA9-4052-8D98-35CED52AC2DC}.ReleaseMinDependency|x64.Build.0 = Release|x64
		{CCFC8B47-CFAB-45AE-A98D-EEAB5CAD8503}.Debug|Win32.ActiveCfg = Debug|Win32
		{CCFC8B47-CFAB-45AE-A98D-EEAB5CAD8503}.Debug|Win32.Build.0 = Debug|Win32
		{CCFC8B47-CFAB-45AE-A98D-EEAB5CAD8503}.Debug|x64.ActiveCfg = Debug|x64
		{CCFC8B47-CFAB-45AE-A98D-EEAB5CAD8503}.Debug|x64.Build.0 = Debug|x64
		{CCFC8B47-CFAB-45AE-A98D-EEAB5CAD8503}.Release|Win32.ActiveCfg = Release|Win32
		{CCFC8B47-CFAB-45AE-A98D-EEAB5CAD8503}.Release|Win32.Build.0 = Release|Win32
		{CCFC8B47-CFAB-45AE-A98D-EEAB5CAD8503}.Release|x64.ActiveCfg = Release|x64
		{CCFC8B47-CFAB-45AE-A98D-EEAB5CAD8503}.Release|x64.Build.0 = Release|x64
		{CCFC8B47-CFAB-45AE-A98D-EEAB5CAD8503}.ReleaseMinDependency|Win32.ActiveCfg = Release|Win32
		{CCFC8B47-CFAB-45AE-A98D-EEAB5CAD8503}.ReleaseMinDependency|x64.ActiveCfg = Release|x64
		{CCFC8B47-CFAB-45AE-A98D-EEAB5CAD8503}.ReleaseMinDependency|x64.Build.0 = Release|x64
	EndGlobalSection
	GlobalSection(SolutionProperties) = preSolution
		HideSolutionNode = FALSE
	EndGlobalSection
	GlobalSection(NestedProjects) = preSolution
		{3B67F629-F4C5-4B3A-B6DF-AEB58981B596} = {6FDF6803-4D58-400E-8051-09899813FE6A}
		{93C1D5CC-0B52-4B3A-8045-96B7315194BC} = {6FDF6803-4D58-400E-8051-09899813FE6A}
		{147C5DF4-742B-4C71-93FF-B5CE8FDB2C34} = {6FF6DB22-76F8-4895-BA3B-697AF0354B2B}
		{F2891C89-3979-49A9-AA3F-A373CD57A1EE} = {6FF6DB22-76F8-4895-BA3B-697AF0354B2B}
		{DF52AE8D-F363-4B71-9B71-4031026AC97C} = {A1CE58A4-FAD8-478E-AC24-F0D8907445EA}
		{8585F8E2-8003-4AA2-B19B-EC97B5BD5D05} = {6B9A443A-7FC6-49EB-953C-3FC72B7C30C7}
		{3779E234-A9CC-455A-9607-BA287133FD75} = {F545BF67-469F-427F-A912-BB07F48C3E22}
		{0BE4265F-4760-4546-B1D9-5F9A769D0C57} = {74F700AD-7815-49AF-8B43-31D551B7AC94}
		{A430B638-E618-4405-9AD1-18A9B7378178} = {A1CE58A4-FAD8-478E-AC24-F0D8907445EA}
		{1F0CF506-B5D8-4635-85B8-B8953D30D3C2} = {6B9A443A-7FC6-49EB-953C-3FC72B7C30C7}
		{8A61BB56-5966-4366-B241-C51800720061} = {F545BF67-469F-427F-A912-BB07F48C3E22}
		{90F29F3A-16DB-40FE-80F3-93E863715098} = {F545BF67-469F-427F-A912-BB07F48C3E22}
		{37B5C849-4EB8-46EF-BA83-8D1E64CC5B12} = {6FDF6803-4D58-400E-8051-09899813FE6A}
		{CE2CF418-344A-4ED5-B966-A1569544C532} = {6FDF6803-4D58-400E-8051-09899813FE6A}
		{C2BEB272-F746-429C-83CA-F96C82BDF658} = {A1CE58A4-FAD8-478E-AC24-F0D8907445EA}
		{3825D260-47AC-45A0-B48F-904CC00B2D05} = {A1CE58A4-FAD8-478E-AC24-F0D8907445EA}
		{BDA5AC2F-CF9E-4AB4-A9E9-4982D8EDB046} = {A1CE58A4-FAD8-478E-AC24-F0D8907445EA}
		{AF46B952-23FB-4227-9D63-9F97C645F8B8} = {A1CE58A4-FAD8-478E-AC24-F0D8907445EA}
		{03595AAC-ACA9-4052-8D98-35CED52AC2DC} = {6B9A443A-7FC6-49EB-953C-3FC72B7C30C7}
		{CCFC8B47-CFAB-45AE-A98D-EEAB5CAD8503} = {F545BF67-469F-427F-A912-BB07F48C3E22}
	EndGlobalSection
EndGlobal
