<?xml version="1.0" encoding="utf-8"?>
<Project ToolsVersion="4.0" xmlns="http://schemas.microsoft.com/developer/msbuild/2003">
  <ItemGroup>
    <Filter Include="Source Files">
      <UniqueIdentifier>{4FC737F1-C7A5-4376-A066-2A32D752A2FF}</UniqueIdentifier>
      <Extensions>cpp;c;cc;cxx;def;odl;idl;hpj;bat;asm;asmx</Extensions>
    </Filter>
    <Filter Include="Header Files">
      <UniqueIdentifier>{93995380-89BD-4b04-88EB-625FBE52EBFB}</UniqueIdentifier>
      <Extensions>h;hh;hpp;hxx;hm;inl;inc;xsd</Extensions>
    </Filter>
    <Filter Include="Resource Files">
      <UniqueIdentifier>{67DA6AB6-F800-4c08-8B7A-83BB121AAD01}</UniqueIdentifier>
      <Extensions>rc;ico;cur;bmp;dlg;rc2;rct;bin;rgs;gif;jpg;jpeg;jpe;resx;tiff;tif;png;wav;mfcribbon-ms</Extensions>
    </Filter>
  </ItemGroup>
  <ItemGroup>
    <ClCompile Include="git\src\dbopl.cpp">
      <Filter>Source Files</Filter>
    </ClCompile>
    <ClCompile Include="git\src\decode-midi.cpp">
      <Filter>Source Files</Filter>
    </ClCompile>
    <ClCompile Include="git\src\decode-opl.cpp">
      <Filter>Source Files</Filter>
    </ClCompile>
    <ClCompile Include="git\src\encode-midi.cpp">
      <Filter>Source Files</Filter>
    </ClCompile>
    <ClCompile Include="git\src\encode-opl.cpp">
      <Filter>Source Files</Filter>
    </ClCompile>
    <ClCompile Include="git\src\eventconverter-midi.cpp">
      <Filter>Source Files</Filter>
    </ClCompile>
    <ClCompile Include="git\src\eventconverter-opl.cpp">
      <Filter>Source Files</Filter>
    </ClCompile>
    <ClCompile Include="git\src\events.cpp">
      <Filter>Source Files</Filter>
    </ClCompile>
    <ClCompile Include="git\src\exceptions.cpp">
      <Filter>Source Files</Filter>
    </ClCompile>
    <ClCompile Include="git\src\main.cpp">
      <Filter>Source Files</Filter>
    </ClCompile>
    <ClCompile Include="git\src\metadata-malv.cpp">
      <Filter>Source Files</Filter>
    </ClCompile>
    <ClCompile Include="git\src\mus-cdfm-zone66.cpp">
      <Filter>Source Files</Filter>
    </ClCompile>
    <ClCompile Include="git\src\mus-cdfm-zone66-gus.cpp">
      <Filter>Source Files</Filter>
    </ClCompile>
    <ClCompile Include="git\src\mus-cmf-creativelabs.cpp">
      <Filter>Source Files</Filter>
    </ClCompile>
    <ClCompile Include="git\src\mus-dro-dosbox-v1.cpp">
      <Filter>Source Files</Filter>
    </ClCompile>
    <ClCompile Include="git\src\mus-dro-dosbox-v2.cpp">
      <Filter>Source Files</Filter>
    </ClCompile>
    <ClCompile Include="git\src\mus-dsm-dsik.cpp">
      <Filter>Source Files</Filter>
    </ClCompile>
    <ClCompile Include="git\src\mus-got.cpp">
      <Filter>Source Files</Filter>
    </ClCompile>
    <ClCompile Include="git\src\mus-ibk-instrumentbank.cpp">
      <Filter>Source Files</Filter>
    </ClCompile>
    <ClCompile Include="git\src\mus-imf-idsoftware.cpp">
      <Filter>Source Files</Filter>
    </ClCompile>
    <ClCompile Include="git\src\mus-klm-wacky.cpp">
      <Filter>Source Files</Filter>
    </ClCompile>
    <ClCompile Include="git\src\mus-mid-type0.cpp">
      <Filter>Source Files</Filter>
    </ClCompile>
    <ClCompile Include="git\src\mus-mus-dmx.cpp">
      <Filter>Source Files</Filter>
    </ClCompile>
    <ClCompile Include="git\src\mus-mus-vinyl.cpp">
      <Filter>Source Files</Filter>
    </ClCompile>
    <ClCompile Include="git\src\mus-raw-rdos.cpp">
      <Filter>Source Files</Filter>
    </ClCompile>
    <ClCompile Include="git\src\mus-s3m-screamtracker.cpp">
      <Filter>Source Files</Filter>
    </ClCompile>
    <ClCompile Include="git\src\mus-tbsa-doofus.cpp">
      <Filter>Source Files</Filter>
    </ClCompile>
    <ClCompile Include="git\src\opl-util.cpp">
      <Filter>Source Files</Filter>
    </ClCompile>
    <ClCompile Include="git\src\patch.cpp">
      <Filter>Source Files</Filter>
    </ClCompile>
    <ClCompile Include="git\src\patchbank.cpp">
      <Filter>Source Files</Filter>
    </ClCompile>
    <ClCompile Include="git\src\patch-midi.cpp">
      <Filter>Source Files</Filter>
    </ClCompile>
    <ClCompile Include="git\src\patch-opl.cpp">
      <Filter>Source Files</Filter>
    </ClCompile>
    <ClCompile Include="git\src\patch-pcm.cpp">
      <Filter>Source Files</Filter>
    </ClCompile>
    <ClCompile Include="git\src\playback.cpp">
      <Filter>Source Files</Filter>
    </ClCompile>
    <ClCompile Include="git\src\synth-opl.cpp">
      <Filter>Source Files</Filter>
    </ClCompile>
    <ClCompile Include="git\src\synth-pcm.cpp">
      <Filter>Source Files</Filter>
    </ClCompile>
    <ClCompile Include="git\src\track-split.cpp">
      <Filter>Source Files</Filter>
    </ClCompile>
    <ClCompile Include="git\src\ins-ins-adlib.cpp">
      <Filter>Source Files</Filter>
    </ClCompile>
  </ItemGroup>
  <ItemGroup>
    <ClInclude Include="git\src\dbopl.hpp">
      <Filter>Header Files</Filter>
    </ClInclude>
    <ClInclude Include="git\src\decode-midi.hpp">
      <Filter>Header Files</Filter>
    </ClInclude>
    <ClInclude Include="git\src\decode-opl.hpp">
      <Filter>Header Files</Filter>
    </ClInclude>
    <ClInclude Include="git\src\dosbox.hpp">
      <Filter>Header Files</Filter>
    </ClInclude>
    <ClInclude Include="git\src\encode-midi.hpp">
      <Filter>Header Files</Filter>
    </ClInclude>
    <ClInclude Include="git\src\encode-opl.hpp">
      <Filter>Header Files</Filter>
    </ClInclude>
    <ClInclude Include="git\src\metadata-malv.hpp">
      <Filter>Header Files</Filter>
    </ClInclude>
    <ClInclude Include="git\src\mus-cdfm-zone66.hpp">
      <Filter>Header Files</Filter>
    </ClInclude>
    <ClInclude Include="git\src\mus-cdfm-zone66-gus.hpp">
      <Filter>Header Files</Filter>
    </ClInclude>
    <ClInclude Include="git\src\mus-cmf-creativelabs.hpp">
      <Filter>Header Files</Filter>
    </ClInclude>
    <ClInclude Include="git\src\mus-dro-dosbox-v1.hpp">
      <Filter>Header Files</Filter>
    </ClInclude>
    <ClInclude Include="git\src\mus-dro-dosbox-v2.hpp">
      <Filter>Header Files</Filter>
    </ClInclude>
    <ClInclude Include="git\src\mus-dsm-dsik.hpp">
      <Filter>Header Files</Filter>
    </ClInclude>
    <ClInclude Include="git\src\mus-got.hpp">
      <Filter>Header Files</Filter>
    </ClInclude>
    <ClInclude Include="git\src\mus-ibk-instrumentbank.hpp">
      <Filter>Header Files</Filter>
    </ClInclude>
    <ClInclude Include="git\src\mus-imf-idsoftware.hpp">
      <Filter>Header Files</Filter>
    </ClInclude>
    <ClInclude Include="git\src\mus-klm-wacky.hpp">
      <Filter>Header Files</Filter>
    </ClInclude>
    <ClInclude Include="git\src\mus-mid-type0.hpp">
      <Filter>Header Files</Filter>
    </ClInclude>
    <ClInclude Include="git\src\mus-mus-dmx.hpp">
      <Filter>Header Files</Filter>
    </ClInclude>
    <ClInclude Include="git\src\mus-mus-vinyl.hpp">
      <Filter>Header Files</Filter>
    </ClInclude>
    <ClInclude Include="git\src\mus-raw-rdos.hpp">
      <Filter>Header Files</Filter>
    </ClInclude>
    <ClInclude Include="git\src\mus-s3m-screamtracker.hpp">
      <Filter>Header Files</Filter>
    </ClInclude>
    <ClInclude Include="git\src\mus-tbsa-doofus.hpp">
      <Filter>Header Files</Filter>
    </ClInclude>
    <ClInclude Include="git\src\track-split.hpp">
      <Filter>Header Files</Filter>
    </ClInclude>
    <ClInclude Include="git\include\camoto\gamemusic.hpp">
      <Filter>Header Files</Filter>
    </ClInclude>
    <ClInclude Include="git\include\camoto\gamemusic\eventconverter-midi.hpp">
      <Filter>Header Files</Filter>
    </ClInclude>
    <ClInclude Include="git\include\camoto\gamemusic\eventconverter-opl.hpp">
      <Filter>Header Files</Filter>
    </ClInclude>
    <ClInclude Include="git\include\camoto\gamemusic\events.hpp">
      <Filter>Header Files</Filter>
    </ClInclude>
    <ClInclude Include="git\include\camoto\gamemusic\exceptions.hpp">
      <Filter>Header Files</Filter>
    </ClInclude>
    <ClInclude Include="git\include\camoto\gamemusic\manager.hpp">
      <Filter>Header Files</Filter>
    </ClInclude>
    <ClInclude Include="git\include\camoto\gamemusic\music.hpp">
      <Filter>Header Files</Filter>
    </ClInclude>
    <ClInclude Include="git\include\camoto\gamemusic\musictype.hpp">
      <Filter>Header Files</Filter>
    </ClInclude>
    <ClInclude Include="git\include\camoto\gamemusic\patch.hpp">
      <Filter>Header Files</Filter>
    </ClInclude>
    <ClInclude Include="git\include\camoto\gamemusic\patchbank.hpp">
      <Filter>Header Files</Filter>
    </ClInclude>
    <ClInclude Include="git\include\camoto\gamemusic\patch-midi.hpp">
      <Filter>Header Files</Filter>
    </ClInclude>
    <ClInclude Include="git\include\camoto\gamemusic\patch-opl.hpp">
      <Filter>Header Files</Filter>
    </ClInclude>
    <ClInclude Include="git\include\camoto\gamemusic\patch-pcm.hpp">
      <Filter>Header Files</Filter>
    </ClInclude>
    <ClInclude Include="git\include\camoto\gamemusic\playback.hpp">
      <Filter>Header Files</Filter>
    </ClInclude>
    <ClInclude Include="git\include\camoto\gamemusic\synth-opl.hpp">
      <Filter>Header Files</Filter>
    </ClInclude>
    <ClInclude Include="git\include\camoto\gamemusic\synth-pcm.hpp">
      <Filter>Header Files</Filter>
    </ClInclude>
    <ClInclude Include="git\include\camoto\gamemusic\tempo.hpp">
      <Filter>Header Files</Filter>
    </ClInclude>
    <ClInclude Include="git\include\camoto\gamemusic\util-opl.hpp">
      <Filter>Header Files</Filter>
    </ClInclude>
    <ClInclude Include="git\include\camoto\gamemusic\util-pcm.hpp">
      <Filter>Header Files</Filter>
    </ClInclude>
    <ClInclude Include="git\src\ins-ins-adlib.hpp">
      <Filter>Header Files</Filter>
    </ClInclude>
    <ClInclude Include="git\src\patch-adlib.hpp">
      <Filter>Header Files</Filter>
    </ClInclude>
  </ItemGroup>
  <ItemGroup>
    <None Include="packages.config" />
  </ItemGroup>
</Project>