<?xml version="1.0" encoding="utf-8"?>
<Project ToolsVersion="4.0" xmlns="http://schemas.microsoft.com/developer/msbuild/2003">
  <ItemGroup>
    <Filter Include="Source Files">
      <UniqueIdentifier>{4FC737F1-C7A5-4376-A066-2A32D752A2FF}</UniqueIdentifier>
      <Extensions>cpp;c;cc;cxx;def;odl;idl;hpj;bat;asm;asmx</Extensions>
    </Filter>
    <Filter Include="Header Files">
      <UniqueIdentifier>{93995380-89BD-4b04-88EB-625FBE52EBFB}</UniqueIdentifier>
      <Extensions>h;hh;hpp;hxx;hm;inl;inc;xsd</Extensions>
    </Filter>
    <Filter Include="Resource Files">
      <UniqueIdentifier>{67DA6AB6-F800-4c08-8B7A-83BB121AAD01}</UniqueIdentifier>
      <Extensions>rc;ico;cur;bmp;dlg;rc2;rct;bin;rgs;gif;jpg;jpeg;jpe;resx;tiff;tif;png;wav;mfcribbon-ms</Extensions>
    </Filter>
  </ItemGroup>
  <ItemGroup>
    <ClCompile Include="..\libgamearchive\git\tests\test-archive.cpp">
      <Filter>Source Files</Filter>
    </ClCompile>
    <ClCompile Include="..\libgamearchive\git\tests\test-filter.cpp">
      <Filter>Source Files</Filter>
    </ClCompile>
    <ClCompile Include="..\libgamearchive\git\tests\test-filter-bash-rle.cpp">
      <Filter>Source Files</Filter>
    </ClCompile>
    <ClCompile Include="..\libgamearchive\git\tests\test-filter-bitswap.cpp">
      <Filter>Source Files</Filter>
    </ClCompile>
    <ClCompile Include="..\libgamearchive\git\tests\test-filter-ddave-rle.cpp">
      <Filter>Source Files</Filter>
    </ClCompile>
    <ClCompile Include="..\libgamearchive\git\tests\test-filter-glb-raptor.cpp">
      <Filter>Source Files</Filter>
    </ClCompile>
    <ClCompile Include="..\libgamearchive\git\tests\test-filter-got-lzss.cpp">
      <Filter>Source Files</Filter>
    </ClCompile>
    <ClCompile Include="..\libgamearchive\git\tests\test-filter-sam.cpp">
      <Filter>Source Files</Filter>
    </ClCompile>
    <ClCompile Include="..\libgamearchive\git\tests\test-filter-xor.cpp">
      <Filter>Source Files</Filter>
    </ClCompile>
    <ClCompile Include="..\libgamearchive\git\tests\test-filter-xor-blood.cpp">
      <Filter>Source Files</Filter>
    </ClCompile>
    <ClCompile Include="..\libgamearchive\git\tests\test-filter-zone66.cpp">
      <Filter>Source Files</Filter>
    </ClCompile>
    <ClCompile Include="..\libgamearchive\git\tests\test-fmt-bnk-harry.cpp">
      <Filter>Source Files</Filter>
    </ClCompile>
    <ClCompile Include="..\libgamearchive\git\tests\test-fmt-dat-bash.cpp">
      <Filter>Source Files</Filter>
    </ClCompile>
    <ClCompile Include="..\libgamearchive\git\tests\test-fmt-dat-bash-compressed.cpp">
      <Filter>Source Files</Filter>
    </ClCompile>
    <ClCompile Include="..\libgamearchive\git\tests\test-fmt-dat-got.cpp">
      <Filter>Source Files</Filter>
    </ClCompile>
    <ClCompile Include="..\libgamearchive\git\tests\test-fmt-dat-highway.cpp">
      <Filter>Source Files</Filter>
    </ClCompile>
    <ClCompile Include="..\libgamearchive\git\tests\test-fmt-dat-hugo.cpp">
      <Filter>Source Files</Filter>
    </ClCompile>
    <ClCompile Include="..\libgamearchive\git\tests\test-fmt-dat-lostvikings.cpp">
      <Filter>Source Files</Filter>
    </ClCompile>
    <ClCompile Include="..\libgamearchive\git\tests\test-fmt-dat-mystic.cpp">
      <Filter>Source Files</Filter>
    </ClCompile>
    <ClCompile Include="..\libgamearchive\git\tests\test-fmt-dat-sango.cpp">
      <Filter>Source Files</Filter>
    </ClCompile>
    <ClCompile Include="..\libgamearchive\git\tests\test-fmt-dat-wacky.cpp">
      <Filter>Source Files</Filter>
    </ClCompile>
    <ClCompile Include="..\libgamearchive\git\tests\test-fmt-dlt-stargunner.cpp">
      <Filter>Source Files</Filter>
    </ClCompile>
    <ClCompile Include="..\libgamearchive\git\tests\test-fmt-epf-lionking.cpp">
      <Filter>Source Files</Filter>
    </ClCompile>
    <ClCompile Include="..\libgamearchive\git\tests\test-fmt-glb-raptor.cpp">
      <Filter>Source Files</Filter>
    </ClCompile>
    <ClCompile Include="..\libgamearchive\git\tests\test-fmt-grp-duke3d.cpp">
      <Filter>Source Files</Filter>
    </ClCompile>
    <ClCompile Include="..\libgamearchive\git\tests\test-fmt-hog-descent.cpp">
      <Filter>Source Files</Filter>
    </ClCompile>
    <ClCompile Include="..\libgamearchive\git\tests\test-fmt-lbr-vinyl.cpp">
      <Filter>Source Files</Filter>
    </ClCompile>
    <ClCompile Include="..\libgamearchive\git\tests\test-fmt-lib-mythos.cpp">
      <Filter>Source Files</Filter>
    </ClCompile>
    <ClCompile Include="..\libgamearchive\git\tests\test-fmt-pcxlib.cpp">
      <Filter>Source Files</Filter>
    </ClCompile>
    <ClCompile Include="..\libgamearchive\git\tests\test-fmt-pod-tv.cpp">
      <Filter>Source Files</Filter>
    </ClCompile>
    <ClCompile Include="..\libgamearchive\git\tests\test-fmt-resource-tim.cpp">
      <Filter>Source Files</Filter>
    </ClCompile>
    <ClCompile Include="..\libgamearchive\git\tests\test-fmt-resource-tim-fat.cpp">
      <Filter>Source Files</Filter>
    </ClCompile>
    <ClCompile Include="..\libgamearchive\git\tests\test-fmt-res-stellar7.cpp">
      <Filter>Source Files</Filter>
    </ClCompile>
    <ClCompile Include="..\libgamearchive\git\tests\test-fmt-rff-blood.cpp">
      <Filter>Source Files</Filter>
    </ClCompile>
    <ClCompile Include="..\libgamearchive\git\tests\test-fmt-rff-blood_encrypted.cpp">
      <Filter>Source Files</Filter>
    </ClCompile>
    <ClCompile Include="..\libgamearchive\git\tests\test-fmt-roads-skyroads.cpp">
      <Filter>Source Files</Filter>
    </ClCompile>
    <ClCompile Include="..\libgamearchive\git\tests\test-fmt-vol-cosmo.cpp">
      <Filter>Source Files</Filter>
    </ClCompile>
    <ClCompile Include="..\libgamearchive\git\tests\test-fmt-wad-doom.cpp">
      <Filter>Source Files</Filter>
    </ClCompile>
    <ClCompile Include="..\libgamearchive\git\tests\tests.cpp">
      <Filter>Source Files</Filter>
    </ClCompile>
    <ClCompile Include="..\libgamearchive\git\src\filter-bash-rle.cpp">
      <Filter>Source Files</Filter>
    </ClCompile>
    <ClCompile Include="..\libgamearchive\git\src\filter-bitswap.cpp">
      <Filter>Source Files</Filter>
    </ClCompile>
    <ClCompile Include="..\libgamearchive\git\src\filter-ddave-rle.cpp">
      <Filter>Source Files</Filter>
    </ClCompile>
    <ClCompile Include="..\libgamearchive\git\src\filter-glb-raptor.cpp">
      <Filter>Source Files</Filter>
    </ClCompile>
    <ClCompile Include="..\libgamearchive\git\src\filter-got-lzss.cpp">
      <Filter>Source Files</Filter>
    </ClCompile>
    <ClCompile Include="..\libgamearchive\git\src\filter-xor.cpp">
      <Filter>Source Files</Filter>
    </ClCompile>
    <ClCompile Include="..\libgamearchive\git\src\filter-xor-blood.cpp">
      <Filter>Source Files</Filter>
    </ClCompile>
    <ClCompile Include="..\libgamearchive\git\src\filter-xor-sagent.cpp">
      <Filter>Source Files</Filter>
    </ClCompile>
    <ClCompile Include="..\libgamearchive\git\src\filter-zone66.cpp">
      <Filter>Source Files</Filter>
    </ClCompile>
  </ItemGroup>
  <ItemGroup>
    <ClInclude Include="..\libgamearchive\git\tests\test-archive.hpp">
      <Filter>Header Files</Filter>
    </ClInclude>
    <ClInclude Include="..\libgamearchive\git\tests\test-filter.hpp">
      <Filter>Header Files</Filter>
    </ClInclude>
    <ClInclude Include="..\libgamearchive\git\tests\tests.hpp">
      <Filter>Header Files</Filter>
    </ClInclude>
  </ItemGroup>
  <ItemGroup>
    <None Include="packages.config" />
  </ItemGroup>
</Project>