<?xml version="1.0" encoding="utf-8"?>
<Project ToolsVersion="4.0" xmlns="http://schemas.microsoft.com/developer/msbuild/2003">
  <ItemGroup>
    <Filter Include="Source Files">
      <UniqueIdentifier>{4FC737F1-C7A5-4376-A066-2A32D752A2FF}</UniqueIdentifier>
      <Extensions>cpp;c;cc;cxx;def;odl;idl;hpj;bat;asm;asmx</Extensions>
    </Filter>
    <Filter Include="Header Files">
      <UniqueIdentifier>{93995380-89BD-4b04-88EB-625FBE52EBFB}</UniqueIdentifier>
      <Extensions>h;hh;hpp;hxx;hm;inl;inc;xsd</Extensions>
    </Filter>
    <Filter Include="Resource Files">
      <UniqueIdentifier>{67DA6AB6-F800-4c08-8B7A-83BB121AAD01}</UniqueIdentifier>
      <Extensions>rc;ico;cur;bmp;dlg;rc2;rct;bin;rgs;gif;jpg;jpeg;jpe;resx;tiff;tif;png;wav;mfcribbon-ms</Extensions>
    </Filter>
  </ItemGroup>
  <ItemGroup>
    <ClCompile Include="git\src\bitstream.cpp">
      <Filter>Source Files</Filter>
    </ClCompile>
    <ClCompile Include="git\src\error.cpp">
      <Filter>Source Files</Filter>
    </ClCompile>
    <ClCompile Include="git\src\filter.cpp">
      <Filter>Source Files</Filter>
    </ClCompile>
    <ClCompile Include="git\src\iff.cpp">
      <Filter>Source Files</Filter>
    </ClCompile>
    <ClCompile Include="git\src\iostream_helpers.cpp">
      <Filter>Source Files</Filter>
    </ClCompile>
    <ClCompile Include="git\src\metadata.cpp">
      <Filter>Source Files</Filter>
    </ClCompile>
    <ClCompile Include="git\src\stream.cpp">
      <Filter>Source Files</Filter>
    </ClCompile>
    <ClCompile Include="git\src\stream_file.cpp">
      <Filter>Source Files</Filter>
    </ClCompile>
    <ClCompile Include="git\src\stream_filtered.cpp">
      <Filter>Source Files</Filter>
    </ClCompile>
    <ClCompile Include="git\src\stream_seg.cpp">
      <Filter>Source Files</Filter>
    </ClCompile>
    <ClCompile Include="git\src\stream_string.cpp">
      <Filter>Source Files</Filter>
    </ClCompile>
    <ClCompile Include="git\src\stream_sub.cpp">
      <Filter>Source Files</Filter>
    </ClCompile>
    <ClCompile Include="git\src\suppitem.cpp">
      <Filter>Source Files</Filter>
    </ClCompile>
    <ClCompile Include="git\src\filter-crop.cpp">
      <Filter>Source Files</Filter>
    </ClCompile>
    <ClCompile Include="git\src\filter-dummy.cpp">
      <Filter>Source Files</Filter>
    </ClCompile>
    <ClCompile Include="git\src\filter-lzss.cpp">
      <Filter>Source Files</Filter>
    </ClCompile>
    <ClCompile Include="git\src\filter-lzw.cpp">
      <Filter>Source Files</Filter>
    </ClCompile>
    <ClCompile Include="git\src\filter-pad.cpp">
      <Filter>Source Files</Filter>
    </ClCompile>
  </ItemGroup>
  <ItemGroup>
    <ClInclude Include="git\include\camoto\bitstream.hpp">
      <Filter>Header Files</Filter>
    </ClInclude>
    <ClInclude Include="git\include\camoto\byteorder.hpp">
      <Filter>Header Files</Filter>
    </ClInclude>
    <ClInclude Include="git\include\camoto\debug.hpp">
      <Filter>Header Files</Filter>
    </ClInclude>
    <ClInclude Include="git\include\camoto\error.hpp">
      <Filter>Header Files</Filter>
    </ClInclude>
    <ClInclude Include="git\include\camoto\filter.hpp">
      <Filter>Header Files</Filter>
    </ClInclude>
    <ClInclude Include="git\include\camoto\iff.hpp">
      <Filter>Header Files</Filter>
    </ClInclude>
    <ClInclude Include="git\include\camoto\iostream_helpers.hpp">
      <Filter>Header Files</Filter>
    </ClInclude>
    <ClInclude Include="git\include\camoto\metadata.hpp">
      <Filter>Header Files</Filter>
    </ClInclude>
    <ClInclude Include="git\include\camoto\stream.hpp">
      <Filter>Header Files</Filter>
    </ClInclude>
    <ClInclude Include="git\include\camoto\stream_file.hpp">
      <Filter>Header Files</Filter>
    </ClInclude>
    <ClInclude Include="git\include\camoto\stream_filtered.hpp">
      <Filter>Header Files</Filter>
    </ClInclude>
    <ClInclude Include="git\include\camoto\stream_seg.hpp">
      <Filter>Header Files</Filter>
    </ClInclude>
    <ClInclude Include="git\include\camoto\stream_string.hpp">
      <Filter>Header Files</Filter>
    </ClInclude>
    <ClInclude Include="git\include\camoto\stream_sub.hpp">
      <Filter>Header Files</Filter>
    </ClInclude>
    <ClInclude Include="git\include\camoto\suppitem.hpp">
      <Filter>Header Files</Filter>
    </ClInclude>
    <ClInclude Include="git\include\camoto\util.hpp">
      <Filter>Header Files</Filter>
    </ClInclude>
    <ClInclude Include="git\include\camoto\filter-crop.hpp">
      <Filter>Header Files</Filter>
    </ClInclude>
    <ClInclude Include="git\include\camoto\filter-dummy.hpp">
      <Filter>Header Files</Filter>
    </ClInclude>
    <ClInclude Include="git\include\camoto\filter-lzss.hpp">
      <Filter>Header Files</Filter>
    </ClInclude>
    <ClInclude Include="git\include\camoto\filter-lzw.hpp">
      <Filter>Header Files</Filter>
    </ClInclude>
    <ClInclude Include="git\include\camoto\filter-pad.hpp">
      <Filter>Header Files</Filter>
    </ClInclude>
    <ClInclude Include="git\include\camoto\formatenum.hpp">
      <Filter>Header Files</Filter>
    </ClInclude>
  </ItemGroup>
  <ItemGroup>
    <None Include="packages.config" />
  </ItemGroup>
</Project>