<?xml version="1.0" encoding="utf-8"?>
<Project ToolsVersion="4.0" xmlns="http://schemas.microsoft.com/developer/msbuild/2003">
  <ItemGroup>
    <Filter Include="Source Files">
      <UniqueIdentifier>{4FC737F1-C7A5-4376-A066-2A32D752A2FF}</UniqueIdentifier>
      <Extensions>cpp;c;cc;cxx;def;odl;idl;hpj;bat;asm;asmx</Extensions>
    </Filter>
    <Filter Include="Header Files">
      <UniqueIdentifier>{93995380-89BD-4b04-88EB-625FBE52EBFB}</UniqueIdentifier>
      <Extensions>h;hh;hpp;hxx;hm;inl;inc;xsd</Extensions>
    </Filter>
    <Filter Include="Resource Files">
      <UniqueIdentifier>{67DA6AB6-F800-4c08-8B7A-83BB121AAD01}</UniqueIdentifier>
      <Extensions>rc;ico;cur;bmp;dlg;rc2;rct;bin;rgs;gif;jpg;jpeg;jpe;resx;tiff;tif;png;wav;mfcribbon-ms</Extensions>
    </Filter>
  </ItemGroup>
  <ItemGroup>
    <ClCompile Include="git\src\audio.cpp">
      <Filter>Source Files</Filter>
    </ClCompile>
    <ClCompile Include="git\src\camotolibs.cpp">
      <Filter>Source Files</Filter>
    </ClCompile>
    <ClCompile Include="git\src\dlg-export-mus.cpp">
      <Filter>Source Files</Filter>
    </ClCompile>
    <ClCompile Include="git\src\dlg-import-mus.cpp">
      <Filter>Source Files</Filter>
    </ClCompile>
    <ClCompile Include="git\src\dlg-map-attr.cpp">
      <Filter>Source Files</Filter>
    </ClCompile>
    <ClCompile Include="git\src\editor.cpp">
      <Filter>Source Files</Filter>
    </ClCompile>
    <ClCompile Include="git\src\editor-image.cpp">
      <Filter>Source Files</Filter>
    </ClCompile>
    <ClCompile Include="git\src\editor-map.cpp">
      <Filter>Source Files</Filter>
    </ClCompile>
    <ClCompile Include="git\src\editor-map-basecanvas.cpp">
      <Filter>Source Files</Filter>
    </ClCompile>
    <ClCompile Include="git\src\editor-map-canvas.cpp">
      <Filter>Source Files</Filter>
    </ClCompile>
    <ClCompile Include="git\src\editor-map-document.cpp">
      <Filter>Source Files</Filter>
    </ClCompile>
    <ClCompile Include="git\src\editor-map-tilepanel.cpp">
      <Filter>Source Files</Filter>
    </ClCompile>
    <ClCompile Include="git\src\editor-map-tilepanel-canvas.cpp">
      <Filter>Source Files</Filter>
    </ClCompile>
    <ClCompile Include="git\src\editor-music.cpp">
      <Filter>Source Files</Filter>
    </ClCompile>
    <ClCompile Include="git\src\editor-music-document.cpp">
      <Filter>Source Files</Filter>
    </ClCompile>
    <ClCompile Include="git\src\editor-music-eventpanel.cpp">
      <Filter>Source Files</Filter>
    </ClCompile>
    <ClCompile Include="git\src\editor-music-instrumentlistpanel.cpp">
      <Filter>Source Files</Filter>
    </ClCompile>
    <ClCompile Include="git\src\editor-music-instrumentpanel.cpp">
      <Filter>Source Files</Filter>
    </ClCompile>
    <ClCompile Include="git\src\editor-tileset.cpp">
      <Filter>Source Files</Filter>
    </ClCompile>
    <ClCompile Include="git\src\editor-tileset-canvas.cpp">
      <Filter>Source Files</Filter>
    </ClCompile>
    <ClCompile Include="git\src\exceptions.cpp">
      <Filter>Source Files</Filter>
    </ClCompile>
    <ClCompile Include="git\src\gamelist.cpp">
      <Filter>Source Files</Filter>
    </ClCompile>
    <ClCompile Include="git\src\main.cpp">
      <Filter>Source Files</Filter>
    </ClCompile>
    <ClCompile Include="git\src\newproj.cpp">
      <Filter>Source Files</Filter>
    </ClCompile>
    <ClCompile Include="git\src\prefsdlg.cpp">
      <Filter>Source Files</Filter>
    </ClCompile>
    <ClCompile Include="git\src\project.cpp">
      <Filter>Source Files</Filter>
    </ClCompile>
    <ClCompile Include="git\src\studio.cpp">
      <Filter>Source Files</Filter>
    </ClCompile>
  </ItemGroup>
  <ItemGroup>
    <ClInclude Include="git\src\audio.hpp">
      <Filter>Header Files</Filter>
    </ClInclude>
    <ClInclude Include="git\src\camotolibs.hpp">
      <Filter>Header Files</Filter>
    </ClInclude>
    <ClInclude Include="git\src\dlg-export-mus.hpp">
      <Filter>Header Files</Filter>
    </ClInclude>
    <ClInclude Include="git\src\dlg-import-mus.hpp">
      <Filter>Header Files</Filter>
    </ClInclude>
    <ClInclude Include="git\src\dlg-map-attr.hpp">
      <Filter>Header Files</Filter>
    </ClInclude>
    <ClInclude Include="git\src\dosbox.hpp">
      <Filter>Header Files</Filter>
    </ClInclude>
    <ClInclude Include="git\src\editor.hpp">
      <Filter>Header Files</Filter>
    </ClInclude>
    <ClInclude Include="git\src\editor-image.hpp">
      <Filter>Header Files</Filter>
    </ClInclude>
    <ClInclude Include="git\src\editor-map.hpp">
      <Filter>Header Files</Filter>
    </ClInclude>
    <ClInclude Include="git\src\editor-map-basecanvas.hpp">
      <Filter>Header Files</Filter>
    </ClInclude>
    <ClInclude Include="git\src\editor-map-canvas.hpp">
      <Filter>Header Files</Filter>
    </ClInclude>
    <ClInclude Include="git\src\editor-map-document.hpp">
      <Filter>Header Files</Filter>
    </ClInclude>
    <ClInclude Include="git\src\editor-map-tilepanel.hpp">
      <Filter>Header Files</Filter>
    </ClInclude>
    <ClInclude Include="git\src\editor-map-tilepanel-canvas.hpp">
      <Filter>Header Files</Filter>
    </ClInclude>
    <ClInclude Include="git\src\editor-music.hpp">
      <Filter>Header Files</Filter>
    </ClInclude>
    <ClInclude Include="git\src\editor-music-document.hpp">
      <Filter>Header Files</Filter>
    </ClInclude>
    <ClInclude Include="git\src\editor-music-eventpanel.hpp">
      <Filter>Header Files</Filter>
    </ClInclude>
    <ClInclude Include="git\src\editor-music-instrumentlistpanel.hpp">
      <Filter>Header Files</Filter>
    </ClInclude>
    <ClInclude Include="git\src\editor-music-instrumentpanel.hpp">
      <Filter>Header Files</Filter>
    </ClInclude>
    <ClInclude Include="git\src\editor-tileset.hpp">
      <Filter>Header Files</Filter>
    </ClInclude>
    <ClInclude Include="git\src\editor-tileset-canvas.hpp">
      <Filter>Header Files</Filter>
    </ClInclude>
    <ClInclude Include="git\src\exceptions.hpp">
      <Filter>Header Files</Filter>
    </ClInclude>
    <ClInclude Include="git\src\gamelist.hpp">
      <Filter>Header Files</Filter>
    </ClInclude>
    <ClInclude Include="git\src\main.hpp">
      <Filter>Header Files</Filter>
    </ClInclude>
    <ClInclude Include="git\src\newproj.hpp">
      <Filter>Header Files</Filter>
    </ClInclude>
    <ClInclude Include="git\src\prefsdlg.hpp">
      <Filter>Header Files</Filter>
    </ClInclude>
    <ClInclude Include="git\src\project.hpp">
      <Filter>Header Files</Filter>
    </ClInclude>
    <ClInclude Include="git\src\studio.hpp">
      <Filter>Header Files</Filter>
    </ClInclude>
  </ItemGroup>
  <ItemGroup>
    <None Include="packages.config" />
  </ItemGroup>
</Project>