<?xml version="1.0" encoding="utf-8"?>
<Project ToolsVersion="4.0" xmlns="http://schemas.microsoft.com/developer/msbuild/2003">
  <ItemGroup>
    <Filter Include="Source Files">
      <UniqueIdentifier>{4FC737F1-C7A5-4376-A066-2A32D752A2FF}</UniqueIdentifier>
      <Extensions>cpp;c;cc;cxx;def;odl;idl;hpj;bat;asm;asmx</Extensions>
    </Filter>
    <Filter Include="Header Files">
      <UniqueIdentifier>{93995380-89BD-4b04-88EB-625FBE52EBFB}</UniqueIdentifier>
      <Extensions>h;hh;hpp;hxx;hm;inl;inc;xsd</Extensions>
    </Filter>
    <Filter Include="Resource Files">
      <UniqueIdentifier>{67DA6AB6-F800-4c08-8B7A-83BB121AAD01}</UniqueIdentifier>
      <Extensions>rc;ico;cur;bmp;dlg;rc2;rct;bin;rgs;gif;jpg;jpeg;jpe;resx;tiff;tif;png;wav;mfcribbon-ms</Extensions>
    </Filter>
  </ItemGroup>
  <ItemGroup>
    <ClCompile Include="git\src\base-maptype.cpp">
      <Filter>Source Files</Filter>
    </ClCompile>
    <ClCompile Include="git\src\fmt-map-bash.cpp">
      <Filter>Source Files</Filter>
    </ClCompile>
    <ClCompile Include="git\src\fmt-map-ccaves.cpp">
      <Filter>Source Files</Filter>
    </ClCompile>
    <ClCompile Include="git\src\fmt-map-ccomic.cpp">
      <Filter>Source Files</Filter>
    </ClCompile>
    <ClCompile Include="git\src\fmt-map-cosmo.cpp">
      <Filter>Source Files</Filter>
    </ClCompile>
    <ClCompile Include="git\src\fmt-map-darkages.cpp">
      <Filter>Source Files</Filter>
    </ClCompile>
    <ClCompile Include="git\src\fmt-map-ddave.cpp">
      <Filter>Source Files</Filter>
    </ClCompile>
    <ClCompile Include="git\src\fmt-map-got.cpp">
      <Filter>Source Files</Filter>
    </ClCompile>
    <ClCompile Include="git\src\fmt-map-harry.cpp">
      <Filter>Source Files</Filter>
    </ClCompile>
    <ClCompile Include="git\src\fmt-map-hocus.cpp">
      <Filter>Source Files</Filter>
    </ClCompile>
    <ClCompile Include="git\src\fmt-map-nukem2.cpp">
      <Filter>Source Files</Filter>
    </ClCompile>
    <ClCompile Include="git\src\fmt-map-rockford.cpp">
      <Filter>Source Files</Filter>
    </ClCompile>
    <ClCompile Include="git\src\fmt-map-sagent.cpp">
      <Filter>Source Files</Filter>
    </ClCompile>
    <ClCompile Include="git\src\fmt-map-vinyl.cpp">
      <Filter>Source Files</Filter>
    </ClCompile>
    <ClCompile Include="git\src\fmt-map-wacky.cpp">
      <Filter>Source Files</Filter>
    </ClCompile>
    <ClCompile Include="git\src\fmt-map-wordresc.cpp">
      <Filter>Source Files</Filter>
    </ClCompile>
    <ClCompile Include="git\src\fmt-map-xargon.cpp">
      <Filter>Source Files</Filter>
    </ClCompile>
    <ClCompile Include="git\src\fmt-map-zone66.cpp">
      <Filter>Source Files</Filter>
    </ClCompile>
    <ClCompile Include="git\src\main.cpp">
      <Filter>Source Files</Filter>
    </ClCompile>
    <ClCompile Include="git\src\map2d_layer.cpp">
      <Filter>Source Files</Filter>
    </ClCompile>
    <ClCompile Include="git\src\map2d-generic.cpp">
      <Filter>Source Files</Filter>
    </ClCompile>
    <ClCompile Include="git\src\util.cpp">
      <Filter>Source Files</Filter>
    </ClCompile>
    <ClCompile Include="git\src\fmt-map-duke1.cpp">
      <Filter>Source Files</Filter>
    </ClCompile>
  </ItemGroup>
  <ItemGroup>
    <ClInclude Include="git\src\base-maptype.hpp">
      <Filter>Header Files</Filter>
    </ClInclude>
    <ClInclude Include="git\src\fmt-map-bash.hpp">
      <Filter>Header Files</Filter>
    </ClInclude>
    <ClInclude Include="git\src\fmt-map-ccaves.hpp">
      <Filter>Header Files</Filter>
    </ClInclude>
    <ClInclude Include="git\src\fmt-map-ccaves-mapping.hpp">
      <Filter>Header Files</Filter>
    </ClInclude>
    <ClInclude Include="git\src\fmt-map-ccomic.hpp">
      <Filter>Header Files</Filter>
    </ClInclude>
    <ClInclude Include="git\src\fmt-map-cosmo.hpp">
      <Filter>Header Files</Filter>
    </ClInclude>
    <ClInclude Include="git\src\fmt-map-darkages.hpp">
      <Filter>Header Files</Filter>
    </ClInclude>
    <ClInclude Include="git\src\fmt-map-ddave.hpp">
      <Filter>Header Files</Filter>
    </ClInclude>
    <ClInclude Include="git\src\fmt-map-got.hpp">
      <Filter>Header Files</Filter>
    </ClInclude>
    <ClInclude Include="git\src\fmt-map-harry.hpp">
      <Filter>Header Files</Filter>
    </ClInclude>
    <ClInclude Include="git\src\fmt-map-hocus.hpp">
      <Filter>Header Files</Filter>
    </ClInclude>
    <ClInclude Include="git\src\fmt-map-nukem2.hpp">
      <Filter>Header Files</Filter>
    </ClInclude>
    <ClInclude Include="git\src\fmt-map-rockford.hpp">
      <Filter>Header Files</Filter>
    </ClInclude>
    <ClInclude Include="git\src\fmt-map-sagent.hpp">
      <Filter>Header Files</Filter>
    </ClInclude>
    <ClInclude Include="git\src\fmt-map-sagent-mapping.hpp">
      <Filter>Header Files</Filter>
    </ClInclude>
    <ClInclude Include="git\src\fmt-map-vinyl.hpp">
      <Filter>Header Files</Filter>
    </ClInclude>
    <ClInclude Include="git\src\fmt-map-wacky.hpp">
      <Filter>Header Files</Filter>
    </ClInclude>
    <ClInclude Include="git\src\fmt-map-wordresc.hpp">
      <Filter>Header Files</Filter>
    </ClInclude>
    <ClInclude Include="git\src\fmt-map-xargon.hpp">
      <Filter>Header Files</Filter>
    </ClInclude>
    <ClInclude Include="git\src\fmt-map-zone66.hpp">
      <Filter>Header Files</Filter>
    </ClInclude>
    <ClInclude Include="git\src\map2d-generic.hpp">
      <Filter>Header Files</Filter>
    </ClInclude>
    <ClInclude Include="git\src\map-generic.hpp">
      <Filter>Header Files</Filter>
    </ClInclude>
    <ClInclude Include="git\include\camoto\gamemaps.hpp">
      <Filter>Header Files</Filter>
    </ClInclude>
    <ClInclude Include="git\include\camoto\gamemaps\manager.hpp">
      <Filter>Header Files</Filter>
    </ClInclude>
    <ClInclude Include="git\include\camoto\gamemaps\map.hpp">
      <Filter>Header Files</Filter>
    </ClInclude>
    <ClInclude Include="git\include\camoto\gamemaps\map2d.hpp">
      <Filter>Header Files</Filter>
    </ClInclude>
    <ClInclude Include="git\include\camoto\gamemaps\maptype.hpp">
      <Filter>Header Files</Filter>
    </ClInclude>
    <ClInclude Include="git\include\camoto\gamemaps\util.hpp">
      <Filter>Header Files</Filter>
    </ClInclude>
    <ClInclude Include="git\src\fmt-map-duke1.hpp">
      <Filter>Header Files</Filter>
    </ClInclude>
  </ItemGroup>
  <ItemGroup>
    <None Include="packages.config" />
  </ItemGroup>
</Project>